<?xml version="1.0" encoding="utf-8"?>
<Project ToolsVersion="4.0" xmlns="http://schemas.microsoft.com/developer/msbuild/2003">
  <ItemGroup>
    <ClCompile Include="Actor.cpp">
      <Filter>Turn In</Filter>
    </ClCompile>
    <ClCompile Include="StudentWorld.cpp">
      <Filter>Turn In</Filter>
    </ClCompile>
    <ClCompile Include="GameController.cpp">
      <Filter>Framework</Filter>
    </ClCompile>
    <ClCompile Include="GameWorld.cpp">
      <Filter>Framework</Filter>
    </ClCompile>
    <ClCompile Include="main.cpp">
      <Filter>Framework</Filter>
    </ClCompile>
  </ItemGroup>
  <ItemGroup>
    <ClInclude Include="Actor.h">
      <Filter>Turn In</Filter>
    </ClInclude>
    <ClInclude Include="StudentWorld.h">
      <Filter>Turn In</Filter>
    </ClInclude>
    <ClInclude Include="freeglut.h">
      <Filter>freeglut</Filter>
    </ClInclude>
    <ClInclude Include="freeglut_ext.h">
      <Filter>freeglut</Filter>
    </ClInclude>
    <ClInclude Include="freeglut_std.h">
      <Filter>freeglut</Filter>
    </ClInclude>
    <ClInclude Include="GameConstants.h">
      <Filter>Framework</Filter>
    </ClInclude>
    <ClInclude Include="GameController.h">
      <Filter>Framework</Filter>
    </ClInclude>
    <ClInclude Include="GameWorld.h">
      <Filter>Framework</Filter>
    </ClInclude>
    <ClInclude Include="GraphObject.h">
      <Filter>Framework</Filter>
    </ClInclude>
    <ClInclude Include="SoundFX.h">
      <Filter>Framework</Filter>
    </ClInclude>
    <ClInclude Include="SpriteManager.h">
      <Filter>Framework</Filter>
    </ClInclude>
  </ItemGroup>
  <ItemGroup>
    <Filter Include="Turn In">
      <UniqueIdentifier>{340d5b9d-d76e-4d5a-819f-4cf0f885b73c}</UniqueIdentifier>
    </Filter>
    <Filter Include="freeglut">
      <UniqueIdentifier>{f41f011c-d3b0-44dc-b326-cfd8bec9b841}</UniqueIdentifier>
    </Filter>
    <Filter Include="Framework">
      <UniqueIdentifier>{9a4641e0-b9a8-45c9-916b-17f33ac5f1a2}</UniqueIdentifier>
    </Filter>
  </ItemGroup>
  <ItemGroup>
    <Text Include="report.txt">
      <Filter>Turn In</Filter>
    </Text>
  </ItemGroup>
</Project>